// !$*UTF8*$!
{
	archiveVersion = 1;
	classes = {
	};
	objectVersion = 56;
	objects = {

/* Begin PBXBuildFile section */
		279E82F329F3C72000CDCA1E /* AppDelegate.swift in Sources */ = {isa = PBXBuildFile; fileRef = 279E82F229F3C72000CDCA1E /* AppDelegate.swift */; };
		279E82F529F3C72000CDCA1E /* SceneDelegate.swift in Sources */ = {isa = PBXBuildFile; fileRef = 279E82F429F3C72000CDCA1E /* SceneDelegate.swift */; };
		279E82F729F3C72000CDCA1E /* FirstViewController.swift in Sources */ = {isa = PBXBuildFile; fileRef = 279E82F629F3C72000CDCA1E /* FirstViewController.swift */; };
		279E82FA29F3C72000CDCA1E /* Main.storyboard in Resources */ = {isa = PBXBuildFile; fileRef = 279E82F829F3C72000CDCA1E /* Main.storyboard */; };
		279E82FC29F3C72100CDCA1E /* Assets.xcassets in Resources */ = {isa = PBXBuildFile; fileRef = 279E82FB29F3C72100CDCA1E /* Assets.xcassets */; };
		279E82FF29F3C72100CDCA1E /* LaunchScreen.storyboard in Resources */ = {isa = PBXBuildFile; fileRef = 279E82FD29F3C72100CDCA1E /* LaunchScreen.storyboard */; };
		279E830729F3CC0F00CDCA1E /* SecondViewController.swift in Sources */ = {isa = PBXBuildFile; fileRef = 279E830629F3CC0F00CDCA1E /* SecondViewController.swift */; };
		279E830929F3CE8300CDCA1E /* RemoteDataSource.swift in Sources */ = {isa = PBXBuildFile; fileRef = 279E830829F3CE8300CDCA1E /* RemoteDataSource.swift */; };
		279E830D29F3D20100CDCA1E /* LocalDatabase.swift in Sources */ = {isa = PBXBuildFile; fileRef = 279E830C29F3D20100CDCA1E /* LocalDatabase.swift */; };
/* End PBXBuildFile section */

/* Begin PBXFileReference section */
		279E82EF29F3C72000CDCA1E /* NestedClosures.app */ = {isa = PBXFileReference; explicitFileType = wrapper.application; includeInIndex = 0; path = NestedClosures.app; sourceTree = BUILT_PRODUCTS_DIR; };
		279E82F229F3C72000CDCA1E /* AppDelegate.swift */ = {isa = PBXFileReference; lastKnownFileType = sourcecode.swift; path = AppDelegate.swift; sourceTree = "<group>"; };
		279E82F429F3C72000CDCA1E /* SceneDelegate.swift */ = {isa = PBXFileReference; lastKnownFileType = sourcecode.swift; path = SceneDelegate.swift; sourceTree = "<group>"; };
		279E82F629F3C72000CDCA1E /* FirstViewController.swift */ = {isa = PBXFileReference; lastKnownFileType = sourcecode.swift; path = FirstViewController.swift; sourceTree = "<group>"; };
		279E82F929F3C72000CDCA1E /* Base */ = {isa = PBXFileReference; lastKnownFileType = file.storyboard; name = Base; path = Base.lproj/Main.storyboard; sourceTree = "<group>"; };
		279E82FB29F3C72100CDCA1E /* Assets.xcassets */ = {isa = PBXFileReference; lastKnownFileType = folder.assetcatalog; path = Assets.xcassets; sourceTree = "<group>"; };
		279E82FE29F3C72100CDCA1E /* Base */ = {isa = PBXFileReference; lastKnownFileType = file.storyboard; name = Base; path = Base.lproj/LaunchScreen.storyboard; sourceTree = "<group>"; };
		279E830029F3C72100CDCA1E /* Info.plist */ = {isa = PBXFileReference; lastKnownFileType = text.plist.xml; path = Info.plist; sourceTree = "<group>"; };
		279E830629F3CC0F00CDCA1E /* SecondViewController.swift */ = {isa = PBXFileReference; lastKnownFileType = sourcecode.swift; path = SecondViewController.swift; sourceTree = "<group>"; };
		279E830829F3CE8300CDCA1E /* RemoteDataSource.swift */ = {isa = PBXFileReference; lastKnownFileType = sourcecode.swift; path = RemoteDataSource.swift; sourceTree = "<group>"; };
		279E830C29F3D20100CDCA1E /* LocalDatabase.swift */ = {isa = PBXFileReference; lastKnownFileType = sourcecode.swift; path = LocalDatabase.swift; sourceTree = "<group>"; };
/* End PBXFileReference section */

/* Begin PBXFrameworksBuildPhase section */
		279E82EC29F3C72000CDCA1E /* Frameworks */ = {
			isa = PBXFrameworksBuildPhase;
			buildActionMask = 2147483647;
			files = (
			);
			runOnlyForDeploymentPostprocessing = 0;
		};
/* End PBXFrameworksBuildPhase section */

/* Begin PBXGroup section */
		279E82E629F3C72000CDCA1E = {
			isa = PBXGroup;
			children = (
				279E82F129F3C72000CDCA1E /* NestedClosures */,
				279E82F029F3C72000CDCA1E /* Products */,
			);
			sourceTree = "<group>";
		};
		279E82F029F3C72000CDCA1E /* Products */ = {
			isa = PBXGroup;
			children = (
				279E82EF29F3C72000CDCA1E /* NestedClosures.app */,
			);
			name = Products;
			sourceTree = "<group>";
		};
		279E82F129F3C72000CDCA1E /* NestedClosures */ = {
			isa = PBXGroup;
			children = (
				279E82F229F3C72000CDCA1E /* AppDelegate.swift */,
				279E82F429F3C72000CDCA1E /* SceneDelegate.swift */,
				279E82F629F3C72000CDCA1E /* FirstViewController.swift */,
				279E830629F3CC0F00CDCA1E /* SecondViewController.swift */,
				279E830829F3CE8300CDCA1E /* RemoteDataSource.swift */,
				279E830C29F3D20100CDCA1E /* LocalDatabase.swift */,
				279E82F829F3C72000CDCA1E /* Main.storyboard */,
				279E82FB29F3C72100CDCA1E /* Assets.xcassets */,
				279E82FD29F3C72100CDCA1E /* LaunchScreen.storyboard */,
				279E830029F3C72100CDCA1E /* Info.plist */,
			);
			path = NestedClosures;
			sourceTree = "<group>";
		};
/* End PBXGroup section */

/* Begin PBXNativeTarget section */
		279E82EE29F3C72000CDCA1E /* NestedClosures */ = {
			isa = PBXNativeTarget;
			buildConfigurationList = 279E830329F3C72100CDCA1E /* Build configuration list for PBXNativeTarget "NestedClosures" */;
			buildPhases = (
				279E82EB29F3C72000CDCA1E /* Sources */,
				279E82EC29F3C72000CDCA1E /* Frameworks */,
				279E82ED29F3C72000CDCA1E /* Resources */,
			);
			buildRules = (
			);
			dependencies = (
			);
			name = NestedClosures;
			productName = NestedClosures;
			productReference = 279E82EF29F3C72000CDCA1E /* NestedClosures.app */;
			productType = "com.apple.product-type.application";
		};
/* End PBXNativeTarget section */

/* Begin PBXProject section */
		279E82E729F3C72000CDCA1E /* Project object */ = {
			isa = PBXProject;
			attributes = {
				BuildIndependentTargetsInParallel = 1;
				LastSwiftUpdateCheck = 1420;
				LastUpgradeCheck = 1420;
				TargetAttributes = {
					279E82EE29F3C72000CDCA1E = {
						CreatedOnToolsVersion = 14.2;
					};
				};
			};
			buildConfigurationList = 279E82EA29F3C72000CDCA1E /* Build configuration list for PBXProject "NestedClosures" */;
			compatibilityVersion = "Xcode 14.0";
			developmentRegion = en;
			hasScannedForEncodings = 0;
			knownRegions = (
				en,
				Base,
			);
			mainGroup = 279E82E629F3C72000CDCA1E;
			productRefGroup = 279E82F029F3C72000CDCA1E /* Products */;
			projectDirPath = "";
			projectRoot = "";
			targets = (
				279E82EE29F3C72000CDCA1E /* NestedClosures */,
			);
		};
/* End PBXProject section */

/* Begin PBXResourcesBuildPhase section */
		279E82ED29F3C72000CDCA1E /* Resources */ = {
			isa = PBXResourcesBuildPhase;
			buildActionMask = 2147483647;
			files = (
				279E82FF29F3C72100CDCA1E /* LaunchScreen.storyboard in Resources */,
				279E82FC29F3C72100CDCA1E /* Assets.xcassets in Resources */,
				279E82FA29F3C72000CDCA1E /* Main.storyboard in Resources */,
			);
			runOnlyForDeploymentPostprocessing = 0;
		};
/* End PBXResourcesBuildPhase section */

/* Begin PBXSourcesBuildPhase section */
		279E82EB29F3C72000CDCA1E /* Sources */ = {
			isa = PBXSourcesBuildPhase;
			buildActionMask = 2147483647;
			files = (
				279E830729F3CC0F00CDCA1E /* SecondViewController.swift in Sources */,
				279E830D29F3D20100CDCA1E /* LocalDatabase.swift in Sources */,
				279E82F729F3C72000CDCA1E /* FirstViewController.swift in Sources */,
				279E82F329F3C72000CDCA1E /* AppDelegate.swift in Sources */,
				279E830929F3CE8300CDCA1E /* RemoteDataSource.swift in Sources */,
				279E82F529F3C72000CDCA1E /* SceneDelegate.swift in Sources */,
			);
			runOnlyForDeploymentPostprocessing = 0;
		};
/* End PBXSourcesBuildPhase section */

/* Begin PBXVariantGroup section */
		279E82F829F3C72000CDCA1E /* Main.storyboard */ = {
			isa = PBXVariantGroup;
			children = (
				279E82F929F3C72000CDCA1E /* Base */,
			);
			name = Main.storyboard;
			sourceTree = "<group>";
		};
		279E82FD29F3C72100CDCA1E /* LaunchScreen.storyboard */ = {
			isa = PBXVariantGroup;
			children = (
				279E82FE29F3C72100CDCA1E /* Base */,
			);
			name = LaunchScreen.storyboard;
			sourceTree = "<group>";
		};
/* End PBXVariantGroup section */

/* Begin XCBuildConfiguration section */
		279E830129F3C72100CDCA1E /* Debug */ = {
			isa = XCBuildConfiguration;
			buildSettings = {
				ALWAYS_SEARCH_USER_PATHS = NO;
				CLANG_ANALYZER_NONNULL = YES;
				CLANG_ANALYZER_NUMBER_OBJECT_CONVERSION = YES_AGGRESSIVE;
				CLANG_CXX_LANGUAGE_STANDARD = "gnu++20";
				CLANG_ENABLE_MODULES = YES;
				CLANG_ENABLE_OBJC_ARC = YES;
				CLANG_ENABLE_OBJC_WEAK = YES;
				CLANG_WARN_BLOCK_CAPTURE_AUTORELEASING = YES;
				CLANG_WARN_BOOL_CONVERSION = YES;
				CLANG_WARN_COMMA = YES;
				CLANG_WARN_CONSTANT_CONVERSION = YES;
				CLANG_WARN_DEPRECATED_OBJC_IMPLEMENTATIONS = YES;
				CLANG_WARN_DIRECT_OBJC_ISA_USAGE = YES_ERROR;
				CLANG_WARN_DOCUMENTATION_COMMENTS = YES;
				CLANG_WARN_EMPTY_BODY = YES;
				CLANG_WARN_ENUM_CONVERSION = YES;
				CLANG_WARN_INFINITE_RECURSION = YES;
				CLANG_WARN_INT_CONVERSION = YES;
				CLANG_WARN_NON_LITERAL_NULL_CONVERSION = YES;
				CLANG_WARN_OBJC_IMPLICIT_RETAIN_SELF = YES;
				CLANG_WARN_OBJC_LITERAL_CONVERSION = YES;
				CLANG_WARN_OBJC_ROOT_CLASS = YES_ERROR;
				CLANG_WARN_QUOTED_INCLUDE_IN_FRAMEWORK_HEADER = YES;
				CLANG_WARN_RANGE_LOOP_ANALYSIS = YES;
				CLANG_WARN_STRICT_PROTOTYPES = YES;
				CLANG_WARN_SUSPICIOUS_MOVE = YES;
				CLANG_WARN_UNGUARDED_AVAILABILITY = YES_AGGRESSIVE;
				CLANG_WARN_UNREACHABLE_CODE = YES;
				CLANG_WARN__DUPLICATE_METHOD_MATCH = YES;
				COPY_PHASE_STRIP = NO;
				DEBUG_INFORMATION_FORMAT = dwarf;
				ENABLE_STRICT_OBJC_MSGSEND = YES;
				ENABLE_TESTABILITY = YES;
				GCC_C_LANGUAGE_STANDARD = gnu11;
				GCC_DYNAMIC_NO_PIC = NO;
				GCC_NO_COMMON_BLOCKS = YES;
				GCC_OPTIMIZATION_LEVEL = 0;
				GCC_PREPROCESSOR_DEFINITIONS = (
					"DEBUG=1",
					"$(inherited)",
				);
				GCC_WARN_64_TO_32_BIT_CONVERSION = YES;
				GCC_WARN_ABOUT_RETURN_TYPE = YES_ERROR;
				GCC_WARN_UNDECLARED_SELECTOR = YES;
				GCC_WARN_UNINITIALIZED_AUTOS = YES_AGGRESSIVE;
				GCC_WARN_UNUSED_FUNCTION = YES;
				GCC_WARN_UNUSED_VARIABLE = YES;
				IPHONEOS_DEPLOYMENT_TARGET = 16.2;
				MTL_ENABLE_DEBUG_INFO = INCLUDE_SOURCE;
				MTL_FAST_MATH = YES;
				ONLY_ACTIVE_ARCH = YES;
				SDKROOT = iphoneos;
				SWIFT_ACTIVE_COMPILATION_CONDITIONS = DEBUG;
				SWIFT_OPTIMIZATION_LEVEL = "-Onone";
			};
			name = Debug;
		};
		279E830229F3C72100CDCA1E /* Release */ = {
			isa = XCBuildConfiguration;
			buildSettings = {
				ALWAYS_SEARCH_USER_PATHS = NO;
				CLANG_ANALYZER_NONNULL = YES;
				CLANG_ANALYZER_NUMBER_OBJECT_CONVERSION = YES_AGGRESSIVE;
				CLANG_CXX_LANGUAGE_STANDARD = "gnu++20";
				CLANG_ENABLE_MODULES = YES;
				CLANG_ENABLE_OBJC_ARC = YES;
				CLANG_ENABLE_OBJC_WEAK = YES;
				CLANG_WARN_BLOCK_CAPTURE_AUTORELEASING = YES;
				CLANG_WARN_BOOL_CONVERSION = YES;
				CLANG_WARN_COMMA = YES;
				CLANG_WARN_CONSTANT_CONVERSION = YES;
				CLANG_WARN_DEPRECATED_OBJC_IMPLEMENTATIONS = YES;
				CLANG_WARN_DIRECT_OBJC_ISA_USAGE = YES_ERROR;
				CLANG_WARN_DOCUMENTATION_COMMENTS = YES;
				CLANG_WARN_EMPTY_BODY = YES;
				CLANG_WARN_ENUM_CONVERSION = YES;
				CLANG_WARN_INFINITE_RECURSION = YES;
				CLANG_WARN_INT_CONVERSION = YES;
				CLANG_WARN_NON_LITERAL_NULL_CONVERSION = YES;
				CLANG_WARN_OBJC_IMPLICIT_RETAIN_SELF = YES;
				CLANG_WARN_OBJC_LITERAL_CONVERSION = YES;
				CLANG_WARN_OBJC_ROOT_CLASS = YES_ERROR;
				CLANG_WARN_QUOTED_INCLUDE_IN_FRAMEWORK_HEADER = YES;
				CLANG_WARN_RANGE_LOOP_ANALYSIS = YES;
				CLANG_WARN_STRICT_PROTOTYPES = YES;
				CLANG_WARN_SUSPICIOUS_MOVE = YES;
				CLANG_WARN_UNGUARDED_AVAILABILITY = YES_AGGRESSIVE;
				CLANG_WARN_UNREACHABLE_CODE = YES;
				CLANG_WARN__DUPLICATE_METHOD_MATCH = YES;
				COPY_PHASE_STRIP = NO;
				DEBUG_INFORMATION_FORMAT = "dwarf-with-dsym";
				ENABLE_NS_ASSERTIONS = NO;
				ENABLE_STRICT_OBJC_MSGSEND = YES;
				GCC_C_LANGUAGE_STANDARD = gnu11;
				GCC_NO_COMMON_BLOCKS = YES;
				GCC_WARN_64_TO_32_BIT_CONVERSION = YES;
				GCC_WARN_ABOUT_RETURN_TYPE = YES_ERROR;
				GCC_WARN_UNDECLARED_SELECTOR = YES;
				GCC_WARN_UNINITIALIZED_AUTOS = YES_AGGRESSIVE;
				GCC_WARN_UNUSED_FUNCTION = YES;
				GCC_WARN_UNUSED_VARIABLE = YES;
				IPHONEOS_DEPLOYMENT_TARGET = 16.2;
				MTL_ENABLE_DEBUG_INFO = NO;
				MTL_FAST_MATH = YES;
				SDKROOT = iphoneos;
				SWIFT_COMPILATION_MODE = wholemodule;
				SWIFT_OPTIMIZATION_LEVEL = "-O";
				VALIDATE_PRODUCT = YES;
			};
			name = Release;
		};
		279E830429F3C72100CDCA1E /* Debug */ = {
			isa = XCBuildConfiguration;
			buildSettings = {
				ASSETCATALOG_COMPILER_APPICON_NAME = AppIcon;
				ASSETCATALOG_COMPILER_GLOBAL_ACCENT_COLOR_NAME = AccentColor;
				CODE_SIGN_STYLE = Automatic;
				CURRENT_PROJECT_VERSION = 1;
				DEVELOPMENT_TEAM = 579X949DTW;
				GENERATE_INFOPLIST_FILE = YES;
				INFOPLIST_FILE = NestedClosures/Info.plist;
				INFOPLIST_KEY_UIApplicationSupportsIndirectInputEvents = YES;
				INFOPLIST_KEY_UILaunchStoryboardName = LaunchScreen;
				INFOPLIST_KEY_UIMainStoryboardFile = Main;
				INFOPLIST_KEY_UISupportedInterfaceOrientations_iPad = "UIInterfaceOrientationPortrait UIInterfaceOrientationPortraitUpsideDown UIInterfaceOrientationLandscapeLeft UIInterfaceOrientationLandscapeRight";
				INFOPLIST_KEY_UISupportedInterfaceOrientations_iPhone = "UIInterfaceOrientationPortrait UIInterfaceOrientationLandscapeLeft UIInterfaceOrientationLandscapeRight";
				LD_RUNPATH_SEARCH_PATHS = (
					"$(inherited)",
					"@executable_path/Frameworks",
				);
				MARKETING_VERSION = 1.0;
				PRODUCT_BUNDLE_IDENTIFIER = com.alextos.NestedClosures;
				PRODUCT_NAME = "$(TARGET_NAME)";
				SWIFT_EMIT_LOC_STRINGS = YES;
				SWIFT_VERSION = 5.0;
				TARGETED_DEVICE_FAMILY = "1,2";
			};
			name = Debug;
		};
		279E830529F3C72100CDCA1E /* Release */ = {
			isa = XCBuildConfiguration;
			buildSettings = {
				ASSETCATALOG_COMPILER_APPICON_NAME = AppIcon;
				ASSETCATALOG_COMPILER_GLOBAL_ACCENT_COLOR_NAME = AccentColor;
				CODE_SIGN_STYLE = Automatic;
				CURRENT_PROJECT_VERSION = 1;
				DEVELOPMENT_TEAM = 579X949DTW;
				GENERATE_INFOPLIST_FILE = YES;
				INFOPLIST_FILE = NestedClosures/Info.plist;
				INFOPLIST_KEY_UIApplicationSupportsIndirectInputEvents = YES;
				INFOPLIST_KEY_UILaunchStoryboardName = LaunchScreen;
				INFOPLIST_KEY_UIMainStoryboardFile = Main;
				INFOPLIST_KEY_UISupportedInterfaceOrientations_iPad = "UIInterfaceOrientationPortrait UIInterfaceOrientationPortraitUpsideDown UIInterfaceOrientationLandscapeLeft UIInterfaceOrientationLandscapeRight";
				INFOPLIST_KEY_UISupportedInterfaceOrientations_iPhone = "UIInterfaceOrientationPortrait UIInterfaceOrientationLandscapeLeft UIInterfaceOrientationLandscapeRight";
				LD_RUNPATH_SEARCH_PATHS = (
					"$(inherited)",
					"@executable_path/Frameworks",
				);
				MARKETING_VERSION = 1.0;
				PRODUCT_BUNDLE_IDENTIFIER = com.alextos.NestedClosures;
				PRODUCT_NAME = "$(TARGET_NAME)";
				SWIFT_EMIT_LOC_STRINGS = YES;
				SWIFT_VERSION = 5.0;
				TARGETED_DEVICE_FAMILY = "1,2";
			};
			name = Release;
		};
/* End XCBuildConfiguration section */

/* Begin XCConfigurationList section */
		279E82EA29F3C72000CDCA1E /* Build configuration list for PBXProject "NestedClosures" */ = {
			isa = XCConfigurationList;
			buildConfigurations = (
				279E830129F3C72100CDCA1E /* Debug */,
				279E830229F3C72100CDCA1E /* Release */,
			);
			defaultConfigurationIsVisible = 0;
			defaultConfigurationName = Release;
		};
		279E830329F3C72100CDCA1E /* Build configuration list for PBXNativeTarget "NestedClosures" */ = {
			isa = XCConfigurationList;
			buildConfigurations = (
				279E830429F3C72100CDCA1E /* Debug */,
				279E830529F3C72100CDCA1E /* Release */,
			);
			defaultConfigurationIsVisible = 0;
			defaultConfigurationName = Release;
		};
/* End XCConfigurationList section */
	};
	rootObject = 279E82E729F3C72000CDCA1E /* Project object */;
}
